
Microsoft Visual Studio Solution File, Format Version 12.00
# Visual Studio Version 17
VisualStudioVersion = 17.14.36930.0 d17.14
MinimumVisualStudioVersion = 10.0.40219.1
Project("{FAE04EC0-301F-11D3-BF4B-00C04F79EFBC}") = "APreds UI", "APreds UI.csproj", "{7156AAE9-5CD0-3A27-4A68-11949495FD2A}"
EndProject
Global
	GlobalSection(SolutionConfigurationPlatforms) = preSolution
		Debug|Any CPU = Debug|Any CPU
		Release|Any CPU = Release|Any CPU
	EndGlobalSection
	GlobalSection(ProjectConfigurationPlatforms) = postSolution
		{7156AAE9-5CD0-3A27-4A68-11949495FD2A}.Debug|Any CPU.ActiveCfg = Debug|Any CPU
		{7156AAE9-5CD0-3A27-4A68-11949495FD2A}.Debug|Any CPU.Build.0 = Debug|Any CPU
		{7156AAE9-5CD0-3A27-4A68-11949495FD2A}.Release|Any CPU.ActiveCfg = Release|Any CPU
		{7156AAE9-5CD0-3A27-4A68-11949495FD2A}.Release|Any CPU.Build.0 = Release|Any CPU
	EndGlobalSection
	GlobalSection(SolutionProperties) = preSolution
		HideSolutionNode = FALSE
	EndGlobalSection
	GlobalSection(ExtensibilityGlobals) = postSolution
		SolutionGuid = {A4C9BCCA-2795-4B5F-A4EB-C9DCD476E407}
	EndGlobalSection
EndGlobal
